// !$*UTF8*$!
{
	archiveVersion = 1;
	classes = {
	};
	objectVersion = 56;
	objects = {

/* Begin PBXBuildFile section */
		521AE3462A9C83AD0098BDF9 /* TableViewHeaderView.swift in Sources */ = {isa = PBXBuildFile; fileRef = 521AE3452A9C83AD0098BDF9 /* TableViewHeaderView.swift */; };
		527346BB2AA0F22C00AA52B6 /* Networking.swift in Sources */ = {isa = PBXBuildFile; fileRef = 527346BA2AA0F22C00AA52B6 /* Networking.swift */; };
		528D542D2AA05D210026B990 /* StopWatchViewController.swift in Sources */ = {isa = PBXBuildFile; fileRef = 528D542C2AA05D210026B990 /* StopWatchViewController.swift */; };
		528D54312AA0616D0026B990 /* StopWatchView.swift in Sources */ = {isa = PBXBuildFile; fileRef = 528D54302AA0616D0026B990 /* StopWatchView.swift */; };
		5298C6DF2A9B7E0500B83EA1 /* TableViewCell.swift in Sources */ = {isa = PBXBuildFile; fileRef = 5298C6DE2A9B7E0500B83EA1 /* TableViewCell.swift */; };
		52C385072A98832500DD3220 /* AppDelegate.swift in Sources */ = {isa = PBXBuildFile; fileRef = 52C385062A98832500DD3220 /* AppDelegate.swift */; };
		52C385092A98832500DD3220 /* SceneDelegate.swift in Sources */ = {isa = PBXBuildFile; fileRef = 52C385082A98832500DD3220 /* SceneDelegate.swift */; };
		52C3850B2A98832500DD3220 /* MainViewController.swift in Sources */ = {isa = PBXBuildFile; fileRef = 52C3850A2A98832500DD3220 /* MainViewController.swift */; };
		52C3850E2A98832500DD3220 /* Main.storyboard in Resources */ = {isa = PBXBuildFile; fileRef = 52C3850C2A98832500DD3220 /* Main.storyboard */; };
		52C385102A98832600DD3220 /* Assets.xcassets in Resources */ = {isa = PBXBuildFile; fileRef = 52C3850F2A98832600DD3220 /* Assets.xcassets */; };
		52C385132A98832600DD3220 /* LaunchScreen.storyboard in Resources */ = {isa = PBXBuildFile; fileRef = 52C385112A98832600DD3220 /* LaunchScreen.storyboard */; };
		52C3851F2A988CC200DD3220 /* FirstView.swift in Sources */ = {isa = PBXBuildFile; fileRef = 52C3851E2A988CC200DD3220 /* FirstView.swift */; };
		52C385222A988EE800DD3220 /* UserDatas.swift in Sources */ = {isa = PBXBuildFile; fileRef = 52C385212A988EE800DD3220 /* UserDatas.swift */; };
		52C385242A98CCF900DD3220 /* MemoData.swift in Sources */ = {isa = PBXBuildFile; fileRef = 52C385232A98CCF900DD3220 /* MemoData.swift */; };
		52F65D5F2A99C908006D099B /* MemoListViewController.swift in Sources */ = {isa = PBXBuildFile; fileRef = 52F65D5E2A99C908006D099B /* MemoListViewController.swift */; };
		52F65D612A99C947006D099B /* CompletionViewController.swift in Sources */ = {isa = PBXBuildFile; fileRef = 52F65D602A99C947006D099B /* CompletionViewController.swift */; };
		52F65D632A99CC2D006D099B /* MemoView.swift in Sources */ = {isa = PBXBuildFile; fileRef = 52F65D622A99CC2D006D099B /* MemoView.swift */; };
		52F65D652A99CC3B006D099B /* CompletionView.swift in Sources */ = {isa = PBXBuildFile; fileRef = 52F65D642A99CC3B006D099B /* CompletionView.swift */; };
		52F65D672A99E585006D099B /* Helper.swift in Sources */ = {isa = PBXBuildFile; fileRef = 52F65D662A99E585006D099B /* Helper.swift */; };
		52F65D6B2A9A01D6006D099B /* ModalMemoViewController.swift in Sources */ = {isa = PBXBuildFile; fileRef = 52F65D6A2A9A01D6006D099B /* ModalMemoViewController.swift */; };
		52F65D6D2A9A0F88006D099B /* ModalMemoView.swift in Sources */ = {isa = PBXBuildFile; fileRef = 52F65D6C2A9A0F88006D099B /* ModalMemoView.swift */; };
		52F65D6F2A9A2E32006D099B /* Extention.swift in Sources */ = {isa = PBXBuildFile; fileRef = 52F65D6E2A9A2E32006D099B /* Extention.swift */; };
		52F65D712A9A31BF006D099B /* CategoryCellView.swift in Sources */ = {isa = PBXBuildFile; fileRef = 52F65D702A9A31BF006D099B /* CategoryCellView.swift */; };
/* End PBXBuildFile section */

/* Begin PBXFileReference section */
		521AE3452A9C83AD0098BDF9 /* TableViewHeaderView.swift */ = {isa = PBXFileReference; lastKnownFileType = sourcecode.swift; path = TableViewHeaderView.swift; sourceTree = "<group>"; };
		527346BA2AA0F22C00AA52B6 /* Networking.swift */ = {isa = PBXFileReference; lastKnownFileType = sourcecode.swift; path = Networking.swift; sourceTree = "<group>"; };
		528D542C2AA05D210026B990 /* StopWatchViewController.swift */ = {isa = PBXFileReference; lastKnownFileType = sourcecode.swift; path = StopWatchViewController.swift; sourceTree = "<group>"; };
		528D54302AA0616D0026B990 /* StopWatchView.swift */ = {isa = PBXFileReference; lastKnownFileType = sourcecode.swift; path = StopWatchView.swift; sourceTree = "<group>"; };
		5298C6DE2A9B7E0500B83EA1 /* TableViewCell.swift */ = {isa = PBXFileReference; lastKnownFileType = sourcecode.swift; path = TableViewCell.swift; sourceTree = "<group>"; };
		52C385032A98832500DD3220 /* Todo.app */ = {isa = PBXFileReference; explicitFileType = wrapper.application; includeInIndex = 0; path = Todo.app; sourceTree = BUILT_PRODUCTS_DIR; };
		52C385062A98832500DD3220 /* AppDelegate.swift */ = {isa = PBXFileReference; lastKnownFileType = sourcecode.swift; path = AppDelegate.swift; sourceTree = "<group>"; };
		52C385082A98832500DD3220 /* SceneDelegate.swift */ = {isa = PBXFileReference; lastKnownFileType = sourcecode.swift; path = SceneDelegate.swift; sourceTree = "<group>"; };
		52C3850A2A98832500DD3220 /* MainViewController.swift */ = {isa = PBXFileReference; lastKnownFileType = sourcecode.swift; path = MainViewController.swift; sourceTree = "<group>"; };
		52C3850D2A98832500DD3220 /* Base */ = {isa = PBXFileReference; lastKnownFileType = file.storyboard; name = Base; path = Base.lproj/Main.storyboard; sourceTree = "<group>"; };
		52C3850F2A98832600DD3220 /* Assets.xcassets */ = {isa = PBXFileReference; lastKnownFileType = folder.assetcatalog; path = Assets.xcassets; sourceTree = "<group>"; };
		52C385122A98832600DD3220 /* Base */ = {isa = PBXFileReference; lastKnownFileType = file.storyboard; name = Base; path = Base.lproj/LaunchScreen.storyboard; sourceTree = "<group>"; };
		52C385142A98832600DD3220 /* Info.plist */ = {isa = PBXFileReference; lastKnownFileType = text.plist.xml; path = Info.plist; sourceTree = "<group>"; };
		52C3851E2A988CC200DD3220 /* FirstView.swift */ = {isa = PBXFileReference; lastKnownFileType = sourcecode.swift; path = FirstView.swift; sourceTree = "<group>"; };
		52C385212A988EE800DD3220 /* UserDatas.swift */ = {isa = PBXFileReference; lastKnownFileType = sourcecode.swift; path = UserDatas.swift; sourceTree = "<group>"; };
		52C385232A98CCF900DD3220 /* MemoData.swift */ = {isa = PBXFileReference; lastKnownFileType = sourcecode.swift; path = MemoData.swift; sourceTree = "<group>"; };
		52F65D5E2A99C908006D099B /* MemoListViewController.swift */ = {isa = PBXFileReference; lastKnownFileType = sourcecode.swift; path = MemoListViewController.swift; sourceTree = "<group>"; };
		52F65D602A99C947006D099B /* CompletionViewController.swift */ = {isa = PBXFileReference; lastKnownFileType = sourcecode.swift; path = CompletionViewController.swift; sourceTree = "<group>"; };
		52F65D622A99CC2D006D099B /* MemoView.swift */ = {isa = PBXFileReference; lastKnownFileType = sourcecode.swift; path = MemoView.swift; sourceTree = "<group>"; };
		52F65D642A99CC3B006D099B /* CompletionView.swift */ = {isa = PBXFileReference; lastKnownFileType = sourcecode.swift; path = CompletionView.swift; sourceTree = "<group>"; };
		52F65D662A99E585006D099B /* Helper.swift */ = {isa = PBXFileReference; lastKnownFileType = sourcecode.swift; path = Helper.swift; sourceTree = "<group>"; };
		52F65D6A2A9A01D6006D099B /* ModalMemoViewController.swift */ = {isa = PBXFileReference; lastKnownFileType = sourcecode.swift; path = ModalMemoViewController.swift; sourceTree = "<group>"; };
		52F65D6C2A9A0F88006D099B /* ModalMemoView.swift */ = {isa = PBXFileReference; lastKnownFileType = sourcecode.swift; path = ModalMemoView.swift; sourceTree = "<group>"; };
		52F65D6E2A9A2E32006D099B /* Extention.swift */ = {isa = PBXFileReference; lastKnownFileType = sourcecode.swift; path = Extention.swift; sourceTree = "<group>"; };
		52F65D702A9A31BF006D099B /* CategoryCellView.swift */ = {isa = PBXFileReference; lastKnownFileType = sourcecode.swift; path = CategoryCellView.swift; sourceTree = "<group>"; };
/* End PBXFileReference section */

/* Begin PBXFrameworksBuildPhase section */
		52C385002A98832500DD3220 /* Frameworks */ = {
			isa = PBXFrameworksBuildPhase;
			buildActionMask = 2147483647;
			files = (
			);
			runOnlyForDeploymentPostprocessing = 0;
		};
/* End PBXFrameworksBuildPhase section */

/* Begin PBXGroup section */
		528D54232AA05BD10026B990 /* WriteMemo */ = {
			isa = PBXGroup;
			children = (
				52F65D6C2A9A0F88006D099B /* ModalMemoView.swift */,
				52F65D702A9A31BF006D099B /* CategoryCellView.swift */,
			);
			path = WriteMemo;
			sourceTree = "<group>";
		};
		528D54242AA05BE90026B990 /* MemoList */ = {
			isa = PBXGroup;
			children = (
				528D542E2AA05D2E0026B990 /* Memos */,
				528D54272AA05C5A0026B990 /* StopWatch */,
				528D54232AA05BD10026B990 /* WriteMemo */,
			);
			path = MemoList;
			sourceTree = "<group>";
		};
		528D54252AA05BF10026B990 /* Main */ = {
			isa = PBXGroup;
			children = (
				52C3851E2A988CC200DD3220 /* FirstView.swift */,
			);
			path = Main;
			sourceTree = "<group>";
		};
		528D54262AA05C000026B990 /* Completion */ = {
			isa = PBXGroup;
			children = (
				52F65D642A99CC3B006D099B /* CompletionView.swift */,
			);
			path = Completion;
			sourceTree = "<group>";
		};
		528D54272AA05C5A0026B990 /* StopWatch */ = {
			isa = PBXGroup;
			children = (
				528D54302AA0616D0026B990 /* StopWatchView.swift */,
			);
			path = StopWatch;
			sourceTree = "<group>";
		};
		528D54282AA05C740026B990 /* Main */ = {
			isa = PBXGroup;
			children = (
				52C3850A2A98832500DD3220 /* MainViewController.swift */,
			);
			path = Main;
			sourceTree = "<group>";
		};
		528D54292AA05C810026B990 /* MemoList */ = {
			isa = PBXGroup;
			children = (
				52F65D5E2A99C908006D099B /* MemoListViewController.swift */,
				52F65D6A2A9A01D6006D099B /* ModalMemoViewController.swift */,
				528D542C2AA05D210026B990 /* StopWatchViewController.swift */,
			);
			path = MemoList;
			sourceTree = "<group>";
		};
		528D542B2AA05CC70026B990 /* Completion */ = {
			isa = PBXGroup;
			children = (
				52F65D602A99C947006D099B /* CompletionViewController.swift */,
			);
			path = Completion;
			sourceTree = "<group>";
		};
		528D542E2AA05D2E0026B990 /* Memos */ = {
			isa = PBXGroup;
			children = (
				52F65D622A99CC2D006D099B /* MemoView.swift */,
				5298C6DE2A9B7E0500B83EA1 /* TableViewCell.swift */,
				521AE3452A9C83AD0098BDF9 /* TableViewHeaderView.swift */,
			);
			path = Memos;
			sourceTree = "<group>";
		};
		52C384FA2A98832500DD3220 = {
			isa = PBXGroup;
			children = (
				52C385052A98832500DD3220 /* Todo */,
				52C385042A98832500DD3220 /* Products */,
			);
			sourceTree = "<group>";
		};
		52C385042A98832500DD3220 /* Products */ = {
			isa = PBXGroup;
			children = (
				52C385032A98832500DD3220 /* Todo.app */,
			);
			name = Products;
			sourceTree = "<group>";
		};
		52C385052A98832500DD3220 /* Todo */ = {
			isa = PBXGroup;
			children = (
				52C385062A98832500DD3220 /* AppDelegate.swift */,
				52C385082A98832500DD3220 /* SceneDelegate.swift */,
				52C385202A988EDA00DD3220 /* Model */,
				52C3851C2A988C8A00DD3220 /* Views */,
				52C3851D2A988C9D00DD3220 /* Controller */,
				52C3850C2A98832500DD3220 /* Main.storyboard */,
				52C3850F2A98832600DD3220 /* Assets.xcassets */,
				52C385112A98832600DD3220 /* LaunchScreen.storyboard */,
				52C385142A98832600DD3220 /* Info.plist */,
			);
			path = Todo;
			sourceTree = "<group>";
		};
		52C3851C2A988C8A00DD3220 /* Views */ = {
			isa = PBXGroup;
			children = (
				528D54252AA05BF10026B990 /* Main */,
				528D54242AA05BE90026B990 /* MemoList */,
				528D54262AA05C000026B990 /* Completion */,
			);
			path = Views;
			sourceTree = "<group>";
		};
		52C3851D2A988C9D00DD3220 /* Controller */ = {
			isa = PBXGroup;
			children = (
				528D54282AA05C740026B990 /* Main */,
				528D54292AA05C810026B990 /* MemoList */,
				528D542B2AA05CC70026B990 /* Completion */,
			);
			path = Controller;
			sourceTree = "<group>";
		};
		52C385202A988EDA00DD3220 /* Model */ = {
			isa = PBXGroup;
			children = (
				52C385212A988EE800DD3220 /* UserDatas.swift */,
				52C385232A98CCF900DD3220 /* MemoData.swift */,
				52F65D662A99E585006D099B /* Helper.swift */,
				52F65D6E2A9A2E32006D099B /* Extention.swift */,
				527346BA2AA0F22C00AA52B6 /* Networking.swift */,
			);
			path = Model;
			sourceTree = "<group>";
		};
/* End PBXGroup section */

/* Begin PBXNativeTarget section */
		52C385022A98832500DD3220 /* Todo */ = {
			isa = PBXNativeTarget;
			buildConfigurationList = 52C385172A98832600DD3220 /* Build configuration list for PBXNativeTarget "Todo" */;
			buildPhases = (
				52C384FF2A98832500DD3220 /* Sources */,
				52C385002A98832500DD3220 /* Frameworks */,
				52C385012A98832500DD3220 /* Resources */,
			);
			buildRules = (
			);
			dependencies = (
			);
			name = Todo;
			productName = Todo;
			productReference = 52C385032A98832500DD3220 /* Todo.app */;
			productType = "com.apple.product-type.application";
		};
/* End PBXNativeTarget section */

/* Begin PBXProject section */
		52C384FB2A98832500DD3220 /* Project object */ = {
			isa = PBXProject;
			attributes = {
				BuildIndependentTargetsInParallel = 1;
				LastSwiftUpdateCheck = 1430;
				LastUpgradeCheck = 1430;
				TargetAttributes = {
					52C385022A98832500DD3220 = {
						CreatedOnToolsVersion = 14.3.1;
					};
				};
			};
			buildConfigurationList = 52C384FE2A98832500DD3220 /* Build configuration list for PBXProject "Todo" */;
			compatibilityVersion = "Xcode 14.0";
			developmentRegion = en;
			hasScannedForEncodings = 0;
			knownRegions = (
				en,
				Base,
			);
			mainGroup = 52C384FA2A98832500DD3220;
			productRefGroup = 52C385042A98832500DD3220 /* Products */;
			projectDirPath = "";
			projectRoot = "";
			targets = (
				52C385022A98832500DD3220 /* Todo */,
			);
		};
/* End PBXProject section */

/* Begin PBXResourcesBuildPhase section */
		52C385012A98832500DD3220 /* Resources */ = {
			isa = PBXResourcesBuildPhase;
			buildActionMask = 2147483647;
			files = (
				52C385132A98832600DD3220 /* LaunchScreen.storyboard in Resources */,
				52C385102A98832600DD3220 /* Assets.xcassets in Resources */,
				52C3850E2A98832500DD3220 /* Main.storyboard in Resources */,
			);
			runOnlyForDeploymentPostprocessing = 0;
		};
/* End PBXResourcesBuildPhase section */

/* Begin PBXSourcesBuildPhase section */
		52C384FF2A98832500DD3220 /* Sources */ = {
			isa = PBXSourcesBuildPhase;
			buildActionMask = 2147483647;
			files = (
				52F65D672A99E585006D099B /* Helper.swift in Sources */,
				528D54312AA0616D0026B990 /* StopWatchView.swift in Sources */,
				52F65D652A99CC3B006D099B /* CompletionView.swift in Sources */,
				52C3850B2A98832500DD3220 /* MainViewController.swift in Sources */,
				52F65D632A99CC2D006D099B /* MemoView.swift in Sources */,
				528D542D2AA05D210026B990 /* StopWatchViewController.swift in Sources */,
				52C3851F2A988CC200DD3220 /* FirstView.swift in Sources */,
				52F65D612A99C947006D099B /* CompletionViewController.swift in Sources */,
				52F65D6F2A9A2E32006D099B /* Extention.swift in Sources */,
				52C385072A98832500DD3220 /* AppDelegate.swift in Sources */,
				52F65D712A9A31BF006D099B /* CategoryCellView.swift in Sources */,
				527346BB2AA0F22C00AA52B6 /* Networking.swift in Sources */,
				52F65D6D2A9A0F88006D099B /* ModalMemoView.swift in Sources */,
				52C385222A988EE800DD3220 /* UserDatas.swift in Sources */,
				52C385092A98832500DD3220 /* SceneDelegate.swift in Sources */,
				521AE3462A9C83AD0098BDF9 /* TableViewHeaderView.swift in Sources */,
				52F65D5F2A99C908006D099B /* MemoListViewController.swift in Sources */,
				5298C6DF2A9B7E0500B83EA1 /* TableViewCell.swift in Sources */,
				52F65D6B2A9A01D6006D099B /* ModalMemoViewController.swift in Sources */,
				52C385242A98CCF900DD3220 /* MemoData.swift in Sources */,
			);
			runOnlyForDeploymentPostprocessing = 0;
		};
/* End PBXSourcesBuildPhase section */

/* Begin PBXVariantGroup section */
		52C3850C2A98832500DD3220 /* Main.storyboard */ = {
			isa = PBXVariantGroup;
			children = (
				52C3850D2A98832500DD3220 /* Base */,
			);
			name = Main.storyboard;
			sourceTree = "<group>";
		};
		52C385112A98832600DD3220 /* LaunchScreen.storyboard */ = {
			isa = PBXVariantGroup;
			children = (
				52C385122A98832600DD3220 /* Base */,
			);
			name = LaunchScreen.storyboard;
			sourceTree = "<group>";
		};
/* End PBXVariantGroup section */

/* Begin XCBuildConfiguration section */
		52C385152A98832600DD3220 /* Debug */ = {
			isa = XCBuildConfiguration;
			buildSettings = {
				ALWAYS_SEARCH_USER_PATHS = NO;
				CLANG_ANALYZER_NONNULL = YES;
				CLANG_ANALYZER_NUMBER_OBJECT_CONVERSION = YES_AGGRESSIVE;
				CLANG_CXX_LANGUAGE_STANDARD = "gnu++20";
				CLANG_ENABLE_MODULES = YES;
				CLANG_ENABLE_OBJC_ARC = YES;
				CLANG_ENABLE_OBJC_WEAK = YES;
				CLANG_WARN_BLOCK_CAPTURE_AUTORELEASING = YES;
				CLANG_WARN_BOOL_CONVERSION = YES;
				CLANG_WARN_COMMA = YES;
				CLANG_WARN_CONSTANT_CONVERSION = YES;
				CLANG_WARN_DEPRECATED_OBJC_IMPLEMENTATIONS = YES;
				CLANG_WARN_DIRECT_OBJC_ISA_USAGE = YES_ERROR;
				CLANG_WARN_DOCUMENTATION_COMMENTS = YES;
				CLANG_WARN_EMPTY_BODY = YES;
				CLANG_WARN_ENUM_CONVERSION = YES;
				CLANG_WARN_INFINITE_RECURSION = YES;
				CLANG_WARN_INT_CONVERSION = YES;
				CLANG_WARN_NON_LITERAL_NULL_CONVERSION = YES;
				CLANG_WARN_OBJC_IMPLICIT_RETAIN_SELF = YES;
				CLANG_WARN_OBJC_LITERAL_CONVERSION = YES;
				CLANG_WARN_OBJC_ROOT_CLASS = YES_ERROR;
				CLANG_WARN_QUOTED_INCLUDE_IN_FRAMEWORK_HEADER = YES;
				CLANG_WARN_RANGE_LOOP_ANALYSIS = YES;
				CLANG_WARN_STRICT_PROTOTYPES = YES;
				CLANG_WARN_SUSPICIOUS_MOVE = YES;
				CLANG_WARN_UNGUARDED_AVAILABILITY = YES_AGGRESSIVE;
				CLANG_WARN_UNREACHABLE_CODE = YES;
				CLANG_WARN__DUPLICATE_METHOD_MATCH = YES;
				COPY_PHASE_STRIP = NO;
				DEBUG_INFORMATION_FORMAT = dwarf;
				ENABLE_STRICT_OBJC_MSGSEND = YES;
				ENABLE_TESTABILITY = YES;
				GCC_C_LANGUAGE_STANDARD = gnu11;
				GCC_DYNAMIC_NO_PIC = NO;
				GCC_NO_COMMON_BLOCKS = YES;
				GCC_OPTIMIZATION_LEVEL = 0;
				GCC_PREPROCESSOR_DEFINITIONS = (
					"DEBUG=1",
					"$(inherited)",
				);
				GCC_WARN_64_TO_32_BIT_CONVERSION = YES;
				GCC_WARN_ABOUT_RETURN_TYPE = YES_ERROR;
				GCC_WARN_UNDECLARED_SELECTOR = YES;
				GCC_WARN_UNINITIALIZED_AUTOS = YES_AGGRESSIVE;
				GCC_WARN_UNUSED_FUNCTION = YES;
				GCC_WARN_UNUSED_VARIABLE = YES;
				IPHONEOS_DEPLOYMENT_TARGET = 16.4;
				MTL_ENABLE_DEBUG_INFO = INCLUDE_SOURCE;
				MTL_FAST_MATH = YES;
				ONLY_ACTIVE_ARCH = YES;
				SDKROOT = iphoneos;
				SWIFT_ACTIVE_COMPILATION_CONDITIONS = DEBUG;
				SWIFT_OPTIMIZATION_LEVEL = "-Onone";
			};
			name = Debug;
		};
		52C385162A98832600DD3220 /* Release */ = {
			isa = XCBuildConfiguration;
			buildSettings = {
				ALWAYS_SEARCH_USER_PATHS = NO;
				CLANG_ANALYZER_NONNULL = YES;
				CLANG_ANALYZER_NUMBER_OBJECT_CONVERSION = YES_AGGRESSIVE;
				CLANG_CXX_LANGUAGE_STANDARD = "gnu++20";
				CLANG_ENABLE_MODULES = YES;
				CLANG_ENABLE_OBJC_ARC = YES;
				CLANG_ENABLE_OBJC_WEAK = YES;
				CLANG_WARN_BLOCK_CAPTURE_AUTORELEASING = YES;
				CLANG_WARN_BOOL_CONVERSION = YES;
				CLANG_WARN_COMMA = YES;
				CLANG_WARN_CONSTANT_CONVERSION = YES;
				CLANG_WARN_DEPRECATED_OBJC_IMPLEMENTATIONS = YES;
				CLANG_WARN_DIRECT_OBJC_ISA_USAGE = YES_ERROR;
				CLANG_WARN_DOCUMENTATION_COMMENTS = YES;
				CLANG_WARN_EMPTY_BODY = YES;
				CLANG_WARN_ENUM_CONVERSION = YES;
				CLANG_WARN_INFINITE_RECURSION = YES;
				CLANG_WARN_INT_CONVERSION = YES;
				CLANG_WARN_NON_LITERAL_NULL_CONVERSION = YES;
				CLANG_WARN_OBJC_IMPLICIT_RETAIN_SELF = YES;
				CLANG_WARN_OBJC_LITERAL_CONVERSION = YES;
				CLANG_WARN_OBJC_ROOT_CLASS = YES_ERROR;
				CLANG_WARN_QUOTED_INCLUDE_IN_FRAMEWORK_HEADER = YES;
				CLANG_WARN_RANGE_LOOP_ANALYSIS = YES;
				CLANG_WARN_STRICT_PROTOTYPES = YES;
				CLANG_WARN_SUSPICIOUS_MOVE = YES;
				CLANG_WARN_UNGUARDED_AVAILABILITY = YES_AGGRESSIVE;
				CLANG_WARN_UNREACHABLE_CODE = YES;
				CLANG_WARN__DUPLICATE_METHOD_MATCH = YES;
				COPY_PHASE_STRIP = NO;
				DEBUG_INFORMATION_FORMAT = "dwarf-with-dsym";
				ENABLE_NS_ASSERTIONS = NO;
				ENABLE_STRICT_OBJC_MSGSEND = YES;
				GCC_C_LANGUAGE_STANDARD = gnu11;
				GCC_NO_COMMON_BLOCKS = YES;
				GCC_WARN_64_TO_32_BIT_CONVERSION = YES;
				GCC_WARN_ABOUT_RETURN_TYPE = YES_ERROR;
				GCC_WARN_UNDECLARED_SELECTOR = YES;
				GCC_WARN_UNINITIALIZED_AUTOS = YES_AGGRESSIVE;
				GCC_WARN_UNUSED_FUNCTION = YES;
				GCC_WARN_UNUSED_VARIABLE = YES;
				IPHONEOS_DEPLOYMENT_TARGET = 16.4;
				MTL_ENABLE_DEBUG_INFO = NO;
				MTL_FAST_MATH = YES;
				SDKROOT = iphoneos;
				SWIFT_COMPILATION_MODE = wholemodule;
				SWIFT_OPTIMIZATION_LEVEL = "-O";
				VALIDATE_PRODUCT = YES;
			};
			name = Release;
		};
		52C385182A98832600DD3220 /* Debug */ = {
			isa = XCBuildConfiguration;
			buildSettings = {
				ASSETCATALOG_COMPILER_APPICON_NAME = AppIcon;
				ASSETCATALOG_COMPILER_GLOBAL_ACCENT_COLOR_NAME = AccentColor;
				CODE_SIGN_STYLE = Automatic;
				CURRENT_PROJECT_VERSION = 1;
				DEVELOPMENT_TEAM = LNXWGGBBH6;
				GENERATE_INFOPLIST_FILE = YES;
				INFOPLIST_FILE = Todo/Info.plist;
				INFOPLIST_KEY_UIApplicationSupportsIndirectInputEvents = YES;
				INFOPLIST_KEY_UILaunchStoryboardName = LaunchScreen;
				INFOPLIST_KEY_UIMainStoryboardFile = Main;
				INFOPLIST_KEY_UISupportedInterfaceOrientations_iPad = "UIInterfaceOrientationLandscapeLeft UIInterfaceOrientationLandscapeRight UIInterfaceOrientationPortrait UIInterfaceOrientationPortraitUpsideDown";
				IPHONEOS_DEPLOYMENT_TARGET = 15.0;
				LD_RUNPATH_SEARCH_PATHS = (
					"$(inherited)",
					"@executable_path/Frameworks",
				);
				MARKETING_VERSION = 1.0;
				PRODUCT_BUNDLE_IDENTIFIER = com.todo.Todo.test3079;
				PRODUCT_NAME = "$(TARGET_NAME)";
				SUPPORTED_PLATFORMS = "iphoneos iphonesimulator";
				SUPPORTS_MACCATALYST = NO;
				SUPPORTS_MAC_DESIGNED_FOR_IPHONE_IPAD = NO;
				SWIFT_EMIT_LOC_STRINGS = YES;
				SWIFT_VERSION = 5.0;
				TARGETED_DEVICE_FAMILY = 1;
			};
			name = Debug;
		};
		52C385192A98832600DD3220 /* Release */ = {
			isa = XCBuildConfiguration;
			buildSettings = {
				ASSETCATALOG_COMPILER_APPICON_NAME = AppIcon;
				ASSETCATALOG_COMPILER_GLOBAL_ACCENT_COLOR_NAME = AccentColor;
				CODE_SIGN_STYLE = Automatic;
				CURRENT_PROJECT_VERSION = 1;
				DEVELOPMENT_TEAM = LNXWGGBBH6;
				GENERATE_INFOPLIST_FILE = YES;
				INFOPLIST_FILE = Todo/Info.plist;
				INFOPLIST_KEY_UIApplicationSupportsIndirectInputEvents = YES;
				INFOPLIST_KEY_UILaunchStoryboardName = LaunchScreen;
				INFOPLIST_KEY_UIMainStoryboardFile = Main;
				INFOPLIST_KEY_UISupportedInterfaceOrientations_iPad = "UIInterfaceOrientationLandscapeLeft UIInterfaceOrientationLandscapeRight UIInterfaceOrientationPortrait UIInterfaceOrientationPortraitUpsideDown";
				IPHONEOS_DEPLOYMENT_TARGET = 15.0;
				LD_RUNPATH_SEARCH_PATHS = (
					"$(inherited)",
					"@executable_path/Frameworks",
				);
				MARKETING_VERSION = 1.0;
				PRODUCT_BUNDLE_IDENTIFIER = com.todo.Todo.test3079;
				PRODUCT_NAME = "$(TARGET_NAME)";
				SUPPORTED_PLATFORMS = "iphoneos iphonesimulator";
				SUPPORTS_MACCATALYST = NO;
				SUPPORTS_MAC_DESIGNED_FOR_IPHONE_IPAD = NO;
				SWIFT_EMIT_LOC_STRINGS = YES;
				SWIFT_VERSION = 5.0;
				TARGETED_DEVICE_FAMILY = 1;
			};
			name = Release;
		};
/* End XCBuildConfiguration section */

/* Begin XCConfigurationList section */
		52C384FE2A98832500DD3220 /* Build configuration list for PBXProject "Todo" */ = {
			isa = XCConfigurationList;
			buildConfigurations = (
				52C385152A98832600DD3220 /* Debug */,
				52C385162A98832600DD3220 /* Release */,
			);
			defaultConfigurationIsVisible = 0;
			defaultConfigurationName = Release;
		};
		52C385172A98832600DD3220 /* Build configuration list for PBXNativeTarget "Todo" */ = {
			isa = XCConfigurationList;
			buildConfigurations = (
				52C385182A98832600DD3220 /* Debug */,
				52C385192A98832600DD3220 /* Release */,
			);
			defaultConfigurationIsVisible = 0;
			defaultConfigurationName = Release;
		};
/* End XCConfigurationList section */
	};
	rootObject = 52C384FB2A98832500DD3220 /* Project object */;
}
